
Microsoft Visual Studio Solution File, Format Version 12.00
# Visual Studio 14
VisualStudioVersion = 14.0.25420.1
MinimumVisualStudioVersion = 10.0.40219.1
Project("{FAE04EC0-301F-11D3-BF4B-00C04F79EFBC}") = "QueryVault", "QueryVault\QueryVault.csproj", "{2E3BD28D-195D-401C-9673-842BB1EF52C1}"
EndProject
Project("{2150E333-8FDC-42A3-9474-1A3956D46DE8}") = ".nuget", ".nuget", "{F0F74E18-4E6C-4C68-9685-3DC2543F82A3}"
EndProject
Global
	GlobalSection(SolutionConfigurationPlatforms) = preSolution
		Debug|Any CPU = Debug|Any CPU
		Release|Any CPU = Release|Any CPU
	EndGlobalSection
	GlobalSection(ProjectConfigurationPlatforms) = postSolution
		{2E3BD28D-195D-401C-9673-842BB1EF52C1}.Debug|Any CPU.ActiveCfg = Debug|Any CPU
		{2E3BD28D-195D-401C-9673-842BB1EF52C1}.Debug|Any CPU.Build.0 = Debug|Any CPU
		{2E3BD28D-195D-401C-9673-842BB1EF52C1}.Release|Any CPU.ActiveCfg = Release|Any CPU
		{2E3BD28D-195D-401C-9673-842BB1EF52C1}.Release|Any CPU.Build.0 = Release|Any CPU
	EndGlobalSection
	GlobalSection(SolutionProperties) = preSolution
		HideSolutionNode = FALSE
	EndGlobalSection
EndGlobal
